
Microsoft Visual Studio Solution File, Format Version 11.00
# Visual Studio 2010
Project("{FAE04EC0-301F-11D3-BF4B-00C04F79EFBC}") = "T4", "T4\T4.csproj", "{CCA3D7A0-081E-48F8-9B90-B65CB9663D89}"
EndProject
Global
	GlobalSection(SolutionConfigurationPlatforms) = preSolution
		Debug|x86 = Debug|x86
		Release|x86 = Release|x86
	EndGlobalSection
	GlobalSection(ProjectConfigurationPlatforms) = postSolution
		{CCA3D7A0-081E-48F8-9B90-B65CB9663D89}.Debug|x86.ActiveCfg = Debug|x86
		{CCA3D7A0-081E-48F8-9B90-B65CB9663D89}.Debug|x86.Build.0 = Debug|x86
		{CCA3D7A0-081E-48F8-9B90-B65CB9663D89}.Release|x86.ActiveCfg = Release|x86
		{CCA3D7A0-081E-48F8-9B90-B65CB9663D89}.Release|x86.Build.0 = Release|x86
	EndGlobalSection
	GlobalSection(SolutionProperties) = preSolution
		HideSolutionNode = FALSE
	EndGlobalSection
EndGlobal
